
Microsoft Visual Studio Solution File, Format Version 12.00
# Visual Studio Version 17
VisualStudioVersion = 17.7.34202.233
MinimumVisualStudioVersion = 10.0.40219.1
Project("{FAE04EC0-301F-11D3-BF4B-00C04F79EFBC}") = "Votacao_Personagens", "Votacao_Personagens.csproj", "{06D09492-9A90-450C-9A04-D0F7A2160AD1}"
EndProject
Global
	GlobalSection(SolutionConfigurationPlatforms) = preSolution
		Debug|Any CPU = Debug|Any CPU
		Release|Any CPU = Release|Any CPU
	EndGlobalSection
	GlobalSection(ProjectConfigurationPlatforms) = postSolution
		{06D09492-9A90-450C-9A04-D0F7A2160AD1}.Debug|Any CPU.ActiveCfg = Debug|Any CPU
		{06D09492-9A90-450C-9A04-D0F7A2160AD1}.Debug|Any CPU.Build.0 = Debug|Any CPU
		{06D09492-9A90-450C-9A04-D0F7A2160AD1}.Release|Any CPU.ActiveCfg = Release|Any CPU
		{06D09492-9A90-450C-9A04-D0F7A2160AD1}.Release|Any CPU.Build.0 = Release|Any CPU
	EndGlobalSection
	GlobalSection(SolutionProperties) = preSolution
		HideSolutionNode = FALSE
	EndGlobalSection
	GlobalSection(ExtensibilityGlobals) = postSolution
		SolutionGuid = {87E6497F-0709-4718-8773-53A26271AA10}
	EndGlobalSection
EndGlobal
